github.com/Tomasz-Smelcerz-SAP/foo/alice v0.0.0-20250820125725-5256d6640064 h1:Ayu/+L7I9nSEuo86Ds64G3ymmPBwmZ8EMhh/OuxoakY=
github.com/Tomasz-Smelcerz-SAP/foo/alice v0.0.0-20250820125725-5256d6640064/go.mod h1:2xP8U1Dg9s/EsnosisRXuym4ekOEMOCPtAMLaiTWWe4=
github.com/Tomasz-Smelcerz-SAP/foo/alice v0.0.1 h1:v4QmErY0iYgUqkO5aQtWPwAU34bDH9MTiugjxz1PDvM=
github.com/Tomasz-Smelcerz-SAP/foo/alice v0.0.1/go.mod h1:2xP8U1Dg9s/EsnosisRXuym4ekOEMOCPtAMLaiTWWe4=
github.com/Tomasz-Smelcerz-SAP/foo/alice v0.1.0 h1:SpfqbS9kzreVcGrcmOGE8razqWBdB9hn39md0fcrXgo=
github.com/Tomasz-Smelcerz-SAP/foo/alice v0.1.0/go.mod h1:2xP8U1Dg9s/EsnosisRXuym4ekOEMOCPtAMLaiTWWe4=
